
Microsoft Visual Studio Solution File, Format Version 12.00
# Visual Studio Version 18
VisualStudioVersion = 18.3.11512.155
MinimumVisualStudioVersion = 10.0.40219.1
Project("{2150E333-8FDC-42A3-9474-1A3956D46DE8}") = "tests", "tests", "{0AB3BF05-4346-4AA6-1389-037BE0695223}"
EndProject
Project("{2150E333-8FDC-42A3-9474-1A3956D46DE8}") = "src", "src", "{827E0CD3-B72D-47B6-A68D-7590B98EB39B}"
EndProject
Project("{FAE04EC0-301F-11D3-BF4B-00C04F79EFBC}") = "SimpleSign", "src\SimpleSign\SimpleSign.csproj", "{03A373E1-0285-4968-98E0-92B1E2549F5B}"
EndProject
Project("{FAE04EC0-301F-11D3-BF4B-00C04F79EFBC}") = "SimpleSign.Integration.Tests", "tests\integration\SimpleSign.Integration.Tests\SimpleSign.Integration.Tests.csproj", "{7030693A-6C7A-4052-9BDA-1ED0C7436D1B}"
EndProject
Project("{FAE04EC0-301F-11D3-BF4B-00C04F79EFBC}") = "SimpleSign.Cli", "src\SimpleSign.Cli\SimpleSign.Cli.csproj", "{7395D060-DA5A-47B2-ACB9-805065F89784}"
EndProject
Project("{FAE04EC0-301F-11D3-BF4B-00C04F79EFBC}") = "SimpleSign.Brasil", "src\SimpleSign.Brasil\SimpleSign.Brasil.csproj", "{C20F52C9-13DC-4B55-BF19-4AC4F1976AAB}"
EndProject
Project("{FAE04EC0-301F-11D3-BF4B-00C04F79EFBC}") = "SimpleSign.Brasil.Tests", "tests\unit\SimpleSign.Brasil.Tests\SimpleSign.Brasil.Tests.csproj", "{618B8681-2707-43C1-BF64-A8273AD898D5}"
EndProject
Project("{FAE04EC0-301F-11D3-BF4B-00C04F79EFBC}") = "SimpleSign.HtmlToPdf", "src\SimpleSign.HtmlToPdf\SimpleSign.HtmlToPdf.csproj", "{F196FB11-857E-4536-BF1D-EA4B9AD7A10D}"
EndProject
Project("{FAE04EC0-301F-11D3-BF4B-00C04F79EFBC}") = "SimpleSign.HtmlToPdf.Tests", "tests\unit\SimpleSign.HtmlToPdf.Tests\SimpleSign.HtmlToPdf.Tests.csproj", "{43D8ECE1-2508-4DAD-9CFE-F35250DF6C91}"
EndProject
Project("{FAE04EC0-301F-11D3-BF4B-00C04F79EFBC}") = "SimpleSign.Core", "src\SimpleSign.Core\SimpleSign.Core.csproj", "{D4BB5574-8BFF-4E91-A2E8-6AD667EB6F01}"
EndProject
Project("{FAE04EC0-301F-11D3-BF4B-00C04F79EFBC}") = "SimpleSign.Pdf", "src\SimpleSign.Pdf\SimpleSign.Pdf.csproj", "{076422FB-7E71-4E8D-A03B-D4FB5518C0F7}"
EndProject
Project("{FAE04EC0-301F-11D3-BF4B-00C04F79EFBC}") = "SimpleSign.PAdES", "src\SimpleSign.PAdES\SimpleSign.PAdES.csproj", "{9BBF1652-24D3-4F10-9C16-CAAD9DF5524B}"
EndProject
Project("{FAE04EC0-301F-11D3-BF4B-00C04F79EFBC}") = "SimpleSign.TestHelpers", "tests\shared\SimpleSign.TestHelpers\SimpleSign.TestHelpers.csproj", "{295CDA80-3C24-42CD-9690-A93C96741C82}"
EndProject
Project("{FAE04EC0-301F-11D3-BF4B-00C04F79EFBC}") = "SimpleSign.Core.Tests", "tests\unit\SimpleSign.Core.Tests\SimpleSign.Core.Tests.csproj", "{885FB860-9891-487C-8604-6A5A38546D28}"
EndProject
Project("{FAE04EC0-301F-11D3-BF4B-00C04F79EFBC}") = "SimpleSign.Pdf.Tests", "tests\unit\SimpleSign.Pdf.Tests\SimpleSign.Pdf.Tests.csproj", "{AC8AE2A5-DF17-414C-A9E4-9238C2ED55A5}"
EndProject
Project("{FAE04EC0-301F-11D3-BF4B-00C04F79EFBC}") = "SimpleSign.PAdES.Tests", "tests\unit\SimpleSign.PAdES.Tests\SimpleSign.PAdES.Tests.csproj", "{22B04696-27B1-4CA6-AC94-09B82623D1FF}"
EndProject
Project("{2150E333-8FDC-42A3-9474-1A3956D46DE8}") = "bench", "bench", "{760AB15A-8938-8D9B-BEDE-5CE1484B84C3}"
EndProject
Project("{FAE04EC0-301F-11D3-BF4B-00C04F79EFBC}") = "SimpleSign.Benchmarks", "bench\SimpleSign.Benchmarks\SimpleSign.Benchmarks.csproj", "{E8653F80-B4F8-46FF-9530-07AFF6FE6F94}"
EndProject
Project("{FAE04EC0-301F-11D3-BF4B-00C04F79EFBC}") = "SimpleSign.TestFixtures", "tests\shared\SimpleSign.TestFixtures\SimpleSign.TestFixtures.csproj", "{DD106FB7-0E89-4EA2-82BD-C229502B05F9}"
EndProject
Project("{FAE04EC0-301F-11D3-BF4B-00C04F79EFBC}") = "SimpleSign.Fuzz", "tests\fuzz\SimpleSign.Fuzz\SimpleSign.Fuzz.csproj", "{9AD2C1D7-CB65-49FC-8278-513017460AEF}"
EndProject
Project("{FAE04EC0-301F-11D3-BF4B-00C04F79EFBC}") = "SimpleSign.Interop.Tests", "tests\interop\SimpleSign.Interop.Tests\SimpleSign.Interop.Tests.csproj", "{0F1ABA32-5B2F-4929-91A5-0771350E7BDA}"
EndProject
Project("{FAE04EC0-301F-11D3-BF4B-00C04F79EFBC}") = "SimpleSign.AotSmokeTest", "tests\smoke\SimpleSign.AotSmokeTest\SimpleSign.AotSmokeTest.csproj", "{C4601F42-6267-48FA-AF2D-486255255832}"
EndProject
Project("{2150E333-8FDC-42A3-9474-1A3956D46DE8}") = "unit", "unit", "{213EE38A-C4F9-47E0-91C7-2DB5277D55D2}"
EndProject
Project("{2150E333-8FDC-42A3-9474-1A3956D46DE8}") = "integration", "integration", "{89897C3D-6B51-45D6-BBA0-7ED134D234AC}"
EndProject
Project("{2150E333-8FDC-42A3-9474-1A3956D46DE8}") = "interop", "interop", "{21977C0F-FC33-40E5-952D-1B4325486906}"
EndProject
Project("{2150E333-8FDC-42A3-9474-1A3956D46DE8}") = "smoke", "smoke", "{437D4EBD-5DCA-41D5-AFAB-6A26FBE47508}"
EndProject
Project("{2150E333-8FDC-42A3-9474-1A3956D46DE8}") = "fuzz", "fuzz", "{04B993AE-520C-4C1E-816E-444512EAECD6}"
EndProject
Project("{2150E333-8FDC-42A3-9474-1A3956D46DE8}") = "shared", "shared", "{E44D5ED9-DCDE-4498-B31B-0C257BA61601}"
EndProject
Project("{2150E333-8FDC-42A3-9474-1A3956D46DE8}") = "samples", "samples", "{F49B3277-B3A2-4045-99DF-B57A43DE0402}"
EndProject
Project("{FAE04EC0-301F-11D3-BF4B-00C04F79EFBC}") = "WebSigningSample", "samples\WebSigningSample\WebSigningSample.csproj", "{12B89A1F-E6CA-D859-84D1-812DCDC491D3}"
EndProject
Project("{FAE04EC0-301F-11D3-BF4B-00C04F79EFBC}") = "WebInspectSample", "samples\WebInspectSample\WebInspectSample.csproj", "{30101173-43D6-1130-19DD-0FB941771DDB}"
EndProject
Project("{FAE04EC0-301F-11D3-BF4B-00C04F79EFBC}") = "SimpleSign.HostSigner", "src\SimpleSign.HostSigner\SimpleSign.HostSigner.csproj", "{C06E8673-133F-4752-AABC-E7DF0FDA740E}"
EndProject
Project("{2150E333-8FDC-42A3-9474-1A3956D46DE8}") = "Solution Items", "Solution Items", "{A9A73415-2AA9-44F0-92A0-2C62B2FA44C7}"
	ProjectSection(SolutionItems) = preProject
		.editorconfig = .editorconfig
	EndProjectSection
EndProject
Project("{FAE04EC0-301F-11D3-BF4B-00C04F79EFBC}") = "SimpleSign.CAdES", "src\SimpleSign.CAdES\SimpleSign.CAdES.csproj", "{F35FC8AA-DF7F-4ED2-AA3F-646F72AD8B66}"
EndProject
Project("{FAE04EC0-301F-11D3-BF4B-00C04F79EFBC}") = "SimpleSign.CAdES.Tests", "tests\unit\SimpleSign.CAdES.Tests\SimpleSign.CAdES.Tests.csproj", "{75A540C8-FE6B-4E6A-9D00-1E6D61E11852}"
EndProject
Global
	GlobalSection(SolutionConfigurationPlatforms) = preSolution
		Debug|Any CPU = Debug|Any CPU
		Debug|x64 = Debug|x64
		Debug|x86 = Debug|x86
		Release|Any CPU = Release|Any CPU
		Release|x64 = Release|x64
		Release|x86 = Release|x86
	EndGlobalSection
	GlobalSection(ProjectConfigurationPlatforms) = postSolution
		{03A373E1-0285-4968-98E0-92B1E2549F5B}.Debug|Any CPU.ActiveCfg = Debug|Any CPU
		{03A373E1-0285-4968-98E0-92B1E2549F5B}.Debug|Any CPU.Build.0 = Debug|Any CPU
		{03A373E1-0285-4968-98E0-92B1E2549F5B}.Debug|x64.ActiveCfg = Debug|Any CPU
		{03A373E1-0285-4968-98E0-92B1E2549F5B}.Debug|x64.Build.0 = Debug|Any CPU
		{03A373E1-0285-4968-98E0-92B1E2549F5B}.Debug|x86.ActiveCfg = Debug|Any CPU
		{03A373E1-0285-4968-98E0-92B1E2549F5B}.Debug|x86.Build.0 = Debug|Any CPU
		{03A373E1-0285-4968-98E0-92B1E2549F5B}.Release|Any CPU.ActiveCfg = Release|Any CPU
		{03A373E1-0285-4968-98E0-92B1E2549F5B}.Release|Any CPU.Build.0 = Release|Any CPU
		{03A373E1-0285-4968-98E0-92B1E2549F5B}.Release|x64.ActiveCfg = Release|Any CPU
		{03A373E1-0285-4968-98E0-92B1E2549F5B}.Release|x64.Build.0 = Release|Any CPU
		{03A373E1-0285-4968-98E0-92B1E2549F5B}.Release|x86.ActiveCfg = Release|Any CPU
		{03A373E1-0285-4968-98E0-92B1E2549F5B}.Release|x86.Build.0 = Release|Any CPU
		{7030693A-6C7A-4052-9BDA-1ED0C7436D1B}.Debug|Any CPU.ActiveCfg = Debug|Any CPU
		{7030693A-6C7A-4052-9BDA-1ED0C7436D1B}.Debug|Any CPU.Build.0 = Debug|Any CPU
		{7030693A-6C7A-4052-9BDA-1ED0C7436D1B}.Debug|x64.ActiveCfg = Debug|Any CPU
		{7030693A-6C7A-4052-9BDA-1ED0C7436D1B}.Debug|x64.Build.0 = Debug|Any CPU
		{7030693A-6C7A-4052-9BDA-1ED0C7436D1B}.Debug|x86.ActiveCfg = Debug|Any CPU
		{7030693A-6C7A-4052-9BDA-1ED0C7436D1B}.Debug|x86.Build.0 = Debug|Any CPU
		{7030693A-6C7A-4052-9BDA-1ED0C7436D1B}.Release|Any CPU.ActiveCfg = Release|Any CPU
		{7030693A-6C7A-4052-9BDA-1ED0C7436D1B}.Release|Any CPU.Build.0 = Release|Any CPU
		{7030693A-6C7A-4052-9BDA-1ED0C7436D1B}.Release|x64.ActiveCfg = Release|Any CPU
		{7030693A-6C7A-4052-9BDA-1ED0C7436D1B}.Release|x64.Build.0 = Release|Any CPU
		{7030693A-6C7A-4052-9BDA-1ED0C7436D1B}.Release|x86.ActiveCfg = Release|Any CPU
		{7030693A-6C7A-4052-9BDA-1ED0C7436D1B}.Release|x86.Build.0 = Release|Any CPU
		{7395D060-DA5A-47B2-ACB9-805065F89784}.Debug|Any CPU.ActiveCfg = Debug|Any CPU
		{7395D060-DA5A-47B2-ACB9-805065F89784}.Debug|Any CPU.Build.0 = Debug|Any CPU
		{7395D060-DA5A-47B2-ACB9-805065F89784}.Debug|x64.ActiveCfg = Debug|Any CPU
		{7395D060-DA5A-47B2-ACB9-805065F89784}.Debug|x64.Build.0 = Debug|Any CPU
		{7395D060-DA5A-47B2-ACB9-805065F89784}.Debug|x86.ActiveCfg = Debug|Any CPU
		{7395D060-DA5A-47B2-ACB9-805065F89784}.Debug|x86.Build.0 = Debug|Any CPU
		{7395D060-DA5A-47B2-ACB9-805065F89784}.Release|Any CPU.ActiveCfg = Release|Any CPU
		{7395D060-DA5A-47B2-ACB9-805065F89784}.Release|Any CPU.Build.0 = Release|Any CPU
		{7395D060-DA5A-47B2-ACB9-805065F89784}.Release|x64.ActiveCfg = Release|Any CPU
		{7395D060-DA5A-47B2-ACB9-805065F89784}.Release|x64.Build.0 = Release|Any CPU
		{7395D060-DA5A-47B2-ACB9-805065F89784}.Release|x86.ActiveCfg = Release|Any CPU
		{7395D060-DA5A-47B2-ACB9-805065F89784}.Release|x86.Build.0 = Release|Any CPU
		{C20F52C9-13DC-4B55-BF19-4AC4F1976AAB}.Debug|Any CPU.ActiveCfg = Debug|Any CPU
		{C20F52C9-13DC-4B55-BF19-4AC4F1976AAB}.Debug|Any CPU.Build.0 = Debug|Any CPU
		{C20F52C9-13DC-4B55-BF19-4AC4F1976AAB}.Debug|x64.ActiveCfg = Debug|Any CPU
		{C20F52C9-13DC-4B55-BF19-4AC4F1976AAB}.Debug|x64.Build.0 = Debug|Any CPU
		{C20F52C9-13DC-4B55-BF19-4AC4F1976AAB}.Debug|x86.ActiveCfg = Debug|Any CPU
		{C20F52C9-13DC-4B55-BF19-4AC4F1976AAB}.Debug|x86.Build.0 = Debug|Any CPU
		{C20F52C9-13DC-4B55-BF19-4AC4F1976AAB}.Release|Any CPU.ActiveCfg = Release|Any CPU
		{C20F52C9-13DC-4B55-BF19-4AC4F1976AAB}.Release|Any CPU.Build.0 = Release|Any CPU
		{C20F52C9-13DC-4B55-BF19-4AC4F1976AAB}.Release|x64.ActiveCfg = Release|Any CPU
		{C20F52C9-13DC-4B55-BF19-4AC4F1976AAB}.Release|x64.Build.0 = Release|Any CPU
		{C20F52C9-13DC-4B55-BF19-4AC4F1976AAB}.Release|x86.ActiveCfg = Release|Any CPU
		{C20F52C9-13DC-4B55-BF19-4AC4F1976AAB}.Release|x86.Build.0 = Release|Any CPU
		{618B8681-2707-43C1-BF64-A8273AD898D5}.Debug|Any CPU.ActiveCfg = Debug|Any CPU
		{618B8681-2707-43C1-BF64-A8273AD898D5}.Debug|Any CPU.Build.0 = Debug|Any CPU
		{618B8681-2707-43C1-BF64-A8273AD898D5}.Debug|x64.ActiveCfg = Debug|Any CPU
		{618B8681-2707-43C1-BF64-A8273AD898D5}.Debug|x64.Build.0 = Debug|Any CPU
		{618B8681-2707-43C1-BF64-A8273AD898D5}.Debug|x86.ActiveCfg = Debug|Any CPU
		{618B8681-2707-43C1-BF64-A8273AD898D5}.Debug|x86.Build.0 = Debug|Any CPU
		{618B8681-2707-43C1-BF64-A8273AD898D5}.Release|Any CPU.ActiveCfg = Release|Any CPU
		{618B8681-2707-43C1-BF64-A8273AD898D5}.Release|Any CPU.Build.0 = Release|Any CPU
		{618B8681-2707-43C1-BF64-A8273AD898D5}.Release|x64.ActiveCfg = Release|Any CPU
		{618B8681-2707-43C1-BF64-A8273AD898D5}.Release|x64.Build.0 = Release|Any CPU
		{618B8681-2707-43C1-BF64-A8273AD898D5}.Release|x86.ActiveCfg = Release|Any CPU
		{618B8681-2707-43C1-BF64-A8273AD898D5}.Release|x86.Build.0 = Release|Any CPU
		{F196FB11-857E-4536-BF1D-EA4B9AD7A10D}.Debug|Any CPU.ActiveCfg = Debug|Any CPU
		{F196FB11-857E-4536-BF1D-EA4B9AD7A10D}.Debug|Any CPU.Build.0 = Debug|Any CPU
		{F196FB11-857E-4536-BF1D-EA4B9AD7A10D}.Debug|x64.ActiveCfg = Debug|Any CPU
		{F196FB11-857E-4536-BF1D-EA4B9AD7A10D}.Debug|x64.Build.0 = Debug|Any CPU
		{F196FB11-857E-4536-BF1D-EA4B9AD7A10D}.Debug|x86.ActiveCfg = Debug|Any CPU
		{F196FB11-857E-4536-BF1D-EA4B9AD7A10D}.Debug|x86.Build.0 = Debug|Any CPU
		{F196FB11-857E-4536-BF1D-EA4B9AD7A10D}.Release|Any CPU.ActiveCfg = Release|Any CPU
		{F196FB11-857E-4536-BF1D-EA4B9AD7A10D}.Release|Any CPU.Build.0 = Release|Any CPU
		{F196FB11-857E-4536-BF1D-EA4B9AD7A10D}.Release|x64.ActiveCfg = Release|Any CPU
		{F196FB11-857E-4536-BF1D-EA4B9AD7A10D}.Release|x64.Build.0 = Release|Any CPU
		{F196FB11-857E-4536-BF1D-EA4B9AD7A10D}.Release|x86.ActiveCfg = Release|Any CPU
		{F196FB11-857E-4536-BF1D-EA4B9AD7A10D}.Release|x86.Build.0 = Release|Any CPU
		{43D8ECE1-2508-4DAD-9CFE-F35250DF6C91}.Debug|Any CPU.ActiveCfg = Debug|Any CPU
		{43D8ECE1-2508-4DAD-9CFE-F35250DF6C91}.Debug|Any CPU.Build.0 = Debug|Any CPU
		{43D8ECE1-2508-4DAD-9CFE-F35250DF6C91}.Debug|x64.ActiveCfg = Debug|Any CPU
		{43D8ECE1-2508-4DAD-9CFE-F35250DF6C91}.Debug|x64.Build.0 = Debug|Any CPU
		{43D8ECE1-2508-4DAD-9CFE-F35250DF6C91}.Debug|x86.ActiveCfg = Debug|Any CPU
		{43D8ECE1-2508-4DAD-9CFE-F35250DF6C91}.Debug|x86.Build.0 = Debug|Any CPU
		{43D8ECE1-2508-4DAD-9CFE-F35250DF6C91}.Release|Any CPU.ActiveCfg = Release|Any CPU
		{43D8ECE1-2508-4DAD-9CFE-F35250DF6C91}.Release|Any CPU.Build.0 = Release|Any CPU
		{43D8ECE1-2508-4DAD-9CFE-F35250DF6C91}.Release|x64.ActiveCfg = Release|Any CPU
		{43D8ECE1-2508-4DAD-9CFE-F35250DF6C91}.Release|x64.Build.0 = Release|Any CPU
		{43D8ECE1-2508-4DAD-9CFE-F35250DF6C91}.Release|x86.ActiveCfg = Release|Any CPU
		{43D8ECE1-2508-4DAD-9CFE-F35250DF6C91}.Release|x86.Build.0 = Release|Any CPU
		{D4BB5574-8BFF-4E91-A2E8-6AD667EB6F01}.Debug|Any CPU.ActiveCfg = Debug|Any CPU
		{D4BB5574-8BFF-4E91-A2E8-6AD667EB6F01}.Debug|Any CPU.Build.0 = Debug|Any CPU
		{D4BB5574-8BFF-4E91-A2E8-6AD667EB6F01}.Debug|x64.ActiveCfg = Debug|Any CPU
		{D4BB5574-8BFF-4E91-A2E8-6AD667EB6F01}.Debug|x64.Build.0 = Debug|Any CPU
		{D4BB5574-8BFF-4E91-A2E8-6AD667EB6F01}.Debug|x86.ActiveCfg = Debug|Any CPU
		{D4BB5574-8BFF-4E91-A2E8-6AD667EB6F01}.Debug|x86.Build.0 = Debug|Any CPU
		{D4BB5574-8BFF-4E91-A2E8-6AD667EB6F01}.Release|Any CPU.ActiveCfg = Release|Any CPU
		{D4BB5574-8BFF-4E91-A2E8-6AD667EB6F01}.Release|Any CPU.Build.0 = Release|Any CPU
		{D4BB5574-8BFF-4E91-A2E8-6AD667EB6F01}.Release|x64.ActiveCfg = Release|Any CPU
		{D4BB5574-8BFF-4E91-A2E8-6AD667EB6F01}.Release|x64.Build.0 = Release|Any CPU
		{D4BB5574-8BFF-4E91-A2E8-6AD667EB6F01}.Release|x86.ActiveCfg = Release|Any CPU
		{D4BB5574-8BFF-4E91-A2E8-6AD667EB6F01}.Release|x86.Build.0 = Release|Any CPU
		{076422FB-7E71-4E8D-A03B-D4FB5518C0F7}.Debug|Any CPU.ActiveCfg = Debug|Any CPU
		{076422FB-7E71-4E8D-A03B-D4FB5518C0F7}.Debug|Any CPU.Build.0 = Debug|Any CPU
		{076422FB-7E71-4E8D-A03B-D4FB5518C0F7}.Debug|x64.ActiveCfg = Debug|Any CPU
		{076422FB-7E71-4E8D-A03B-D4FB5518C0F7}.Debug|x64.Build.0 = Debug|Any CPU
		{076422FB-7E71-4E8D-A03B-D4FB5518C0F7}.Debug|x86.ActiveCfg = Debug|Any CPU
		{076422FB-7E71-4E8D-A03B-D4FB5518C0F7}.Debug|x86.Build.0 = Debug|Any CPU
		{076422FB-7E71-4E8D-A03B-D4FB5518C0F7}.Release|Any CPU.ActiveCfg = Release|Any CPU
		{076422FB-7E71-4E8D-A03B-D4FB5518C0F7}.Release|Any CPU.Build.0 = Release|Any CPU
		{076422FB-7E71-4E8D-A03B-D4FB5518C0F7}.Release|x64.ActiveCfg = Release|Any CPU
		{076422FB-7E71-4E8D-A03B-D4FB5518C0F7}.Release|x64.Build.0 = Release|Any CPU
		{076422FB-7E71-4E8D-A03B-D4FB5518C0F7}.Release|x86.ActiveCfg = Release|Any CPU
		{076422FB-7E71-4E8D-A03B-D4FB5518C0F7}.Release|x86.Build.0 = Release|Any CPU
		{9BBF1652-24D3-4F10-9C16-CAAD9DF5524B}.Debug|Any CPU.ActiveCfg = Debug|Any CPU
		{9BBF1652-24D3-4F10-9C16-CAAD9DF5524B}.Debug|Any CPU.Build.0 = Debug|Any CPU
		{9BBF1652-24D3-4F10-9C16-CAAD9DF5524B}.Debug|x64.ActiveCfg = Debug|Any CPU
		{9BBF1652-24D3-4F10-9C16-CAAD9DF5524B}.Debug|x64.Build.0 = Debug|Any CPU
		{9BBF1652-24D3-4F10-9C16-CAAD9DF5524B}.Debug|x86.ActiveCfg = Debug|Any CPU
		{9BBF1652-24D3-4F10-9C16-CAAD9DF5524B}.Debug|x86.Build.0 = Debug|Any CPU
		{9BBF1652-24D3-4F10-9C16-CAAD9DF5524B}.Release|Any CPU.ActiveCfg = Release|Any CPU
		{9BBF1652-24D3-4F10-9C16-CAAD9DF5524B}.Release|Any CPU.Build.0 = Release|Any CPU
		{9BBF1652-24D3-4F10-9C16-CAAD9DF5524B}.Release|x64.ActiveCfg = Release|Any CPU
		{9BBF1652-24D3-4F10-9C16-CAAD9DF5524B}.Release|x64.Build.0 = Release|Any CPU
		{9BBF1652-24D3-4F10-9C16-CAAD9DF5524B}.Release|x86.ActiveCfg = Release|Any CPU
		{9BBF1652-24D3-4F10-9C16-CAAD9DF5524B}.Release|x86.Build.0 = Release|Any CPU
		{295CDA80-3C24-42CD-9690-A93C96741C82}.Debug|Any CPU.ActiveCfg = Debug|Any CPU
		{295CDA80-3C24-42CD-9690-A93C96741C82}.Debug|Any CPU.Build.0 = Debug|Any CPU
		{295CDA80-3C24-42CD-9690-A93C96741C82}.Debug|x64.ActiveCfg = Debug|Any CPU
		{295CDA80-3C24-42CD-9690-A93C96741C82}.Debug|x64.Build.0 = Debug|Any CPU
		{295CDA80-3C24-42CD-9690-A93C96741C82}.Debug|x86.ActiveCfg = Debug|Any CPU
		{295CDA80-3C24-42CD-9690-A93C96741C82}.Debug|x86.Build.0 = Debug|Any CPU
		{295CDA80-3C24-42CD-9690-A93C96741C82}.Release|Any CPU.ActiveCfg = Release|Any CPU
		{295CDA80-3C24-42CD-9690-A93C96741C82}.Release|Any CPU.Build.0 = Release|Any CPU
		{295CDA80-3C24-42CD-9690-A93C96741C82}.Release|x64.ActiveCfg = Release|Any CPU
		{295CDA80-3C24-42CD-9690-A93C96741C82}.Release|x64.Build.0 = Release|Any CPU
		{295CDA80-3C24-42CD-9690-A93C96741C82}.Release|x86.ActiveCfg = Release|Any CPU
		{295CDA80-3C24-42CD-9690-A93C96741C82}.Release|x86.Build.0 = Release|Any CPU
		{885FB860-9891-487C-8604-6A5A38546D28}.Debug|Any CPU.ActiveCfg = Debug|Any CPU
		{885FB860-9891-487C-8604-6A5A38546D28}.Debug|Any CPU.Build.0 = Debug|Any CPU
		{885FB860-9891-487C-8604-6A5A38546D28}.Debug|x64.ActiveCfg = Debug|Any CPU
		{885FB860-9891-487C-8604-6A5A38546D28}.Debug|x64.Build.0 = Debug|Any CPU
		{885FB860-9891-487C-8604-6A5A38546D28}.Debug|x86.ActiveCfg = Debug|Any CPU
		{885FB860-9891-487C-8604-6A5A38546D28}.Debug|x86.Build.0 = Debug|Any CPU
		{885FB860-9891-487C-8604-6A5A38546D28}.Release|Any CPU.ActiveCfg = Release|Any CPU
		{885FB860-9891-487C-8604-6A5A38546D28}.Release|Any CPU.Build.0 = Release|Any CPU
		{885FB860-9891-487C-8604-6A5A38546D28}.Release|x64.ActiveCfg = Release|Any CPU
		{885FB860-9891-487C-8604-6A5A38546D28}.Release|x64.Build.0 = Release|Any CPU
		{885FB860-9891-487C-8604-6A5A38546D28}.Release|x86.ActiveCfg = Release|Any CPU
		{885FB860-9891-487C-8604-6A5A38546D28}.Release|x86.Build.0 = Release|Any CPU
		{AC8AE2A5-DF17-414C-A9E4-9238C2ED55A5}.Debug|Any CPU.ActiveCfg = Debug|Any CPU
		{AC8AE2A5-DF17-414C-A9E4-9238C2ED55A5}.Debug|Any CPU.Build.0 = Debug|Any CPU
		{AC8AE2A5-DF17-414C-A9E4-9238C2ED55A5}.Debug|x64.ActiveCfg = Debug|Any CPU
		{AC8AE2A5-DF17-414C-A9E4-9238C2ED55A5}.Debug|x64.Build.0 = Debug|Any CPU
		{AC8AE2A5-DF17-414C-A9E4-9238C2ED55A5}.Debug|x86.ActiveCfg = Debug|Any CPU
		{AC8AE2A5-DF17-414C-A9E4-9238C2ED55A5}.Debug|x86.Build.0 = Debug|Any CPU
		{AC8AE2A5-DF17-414C-A9E4-9238C2ED55A5}.Release|Any CPU.ActiveCfg = Release|Any CPU
		{AC8AE2A5-DF17-414C-A9E4-9238C2ED55A5}.Release|Any CPU.Build.0 = Release|Any CPU
		{AC8AE2A5-DF17-414C-A9E4-9238C2ED55A5}.Release|x64.ActiveCfg = Release|Any CPU
		{AC8AE2A5-DF17-414C-A9E4-9238C2ED55A5}.Release|x64.Build.0 = Release|Any CPU
		{AC8AE2A5-DF17-414C-A9E4-9238C2ED55A5}.Release|x86.ActiveCfg = Release|Any CPU
		{AC8AE2A5-DF17-414C-A9E4-9238C2ED55A5}.Release|x86.Build.0 = Release|Any CPU
		{22B04696-27B1-4CA6-AC94-09B82623D1FF}.Debug|Any CPU.ActiveCfg = Debug|Any CPU
		{22B04696-27B1-4CA6-AC94-09B82623D1FF}.Debug|Any CPU.Build.0 = Debug|Any CPU
		{22B04696-27B1-4CA6-AC94-09B82623D1FF}.Debug|x64.ActiveCfg = Debug|Any CPU
		{22B04696-27B1-4CA6-AC94-09B82623D1FF}.Debug|x64.Build.0 = Debug|Any CPU
		{22B04696-27B1-4CA6-AC94-09B82623D1FF}.Debug|x86.ActiveCfg = Debug|Any CPU
		{22B04696-27B1-4CA6-AC94-09B82623D1FF}.Debug|x86.Build.0 = Debug|Any CPU
		{22B04696-27B1-4CA6-AC94-09B82623D1FF}.Release|Any CPU.ActiveCfg = Release|Any CPU
		{22B04696-27B1-4CA6-AC94-09B82623D1FF}.Release|Any CPU.Build.0 = Release|Any CPU
		{22B04696-27B1-4CA6-AC94-09B82623D1FF}.Release|x64.ActiveCfg = Release|Any CPU
		{22B04696-27B1-4CA6-AC94-09B82623D1FF}.Release|x64.Build.0 = Release|Any CPU
		{22B04696-27B1-4CA6-AC94-09B82623D1FF}.Release|x86.ActiveCfg = Release|Any CPU
		{22B04696-27B1-4CA6-AC94-09B82623D1FF}.Release|x86.Build.0 = Release|Any CPU
		{E8653F80-B4F8-46FF-9530-07AFF6FE6F94}.Debug|Any CPU.ActiveCfg = Debug|Any CPU
		{E8653F80-B4F8-46FF-9530-07AFF6FE6F94}.Debug|Any CPU.Build.0 = Debug|Any CPU
		{E8653F80-B4F8-46FF-9530-07AFF6FE6F94}.Debug|x64.ActiveCfg = Debug|Any CPU
		{E8653F80-B4F8-46FF-9530-07AFF6FE6F94}.Debug|x64.Build.0 = Debug|Any CPU
		{E8653F80-B4F8-46FF-9530-07AFF6FE6F94}.Debug|x86.ActiveCfg = Debug|Any CPU
		{E8653F80-B4F8-46FF-9530-07AFF6FE6F94}.Debug|x86.Build.0 = Debug|Any CPU
		{E8653F80-B4F8-46FF-9530-07AFF6FE6F94}.Release|Any CPU.ActiveCfg = Release|Any CPU
		{E8653F80-B4F8-46FF-9530-07AFF6FE6F94}.Release|Any CPU.Build.0 = Release|Any CPU
		{E8653F80-B4F8-46FF-9530-07AFF6FE6F94}.Release|x64.ActiveCfg = Release|Any CPU
		{E8653F80-B4F8-46FF-9530-07AFF6FE6F94}.Release|x64.Build.0 = Release|Any CPU
		{E8653F80-B4F8-46FF-9530-07AFF6FE6F94}.Release|x86.ActiveCfg = Release|Any CPU
		{E8653F80-B4F8-46FF-9530-07AFF6FE6F94}.Release|x86.Build.0 = Release|Any CPU
		{DD106FB7-0E89-4EA2-82BD-C229502B05F9}.Debug|Any CPU.ActiveCfg = Debug|Any CPU
		{DD106FB7-0E89-4EA2-82BD-C229502B05F9}.Debug|Any CPU.Build.0 = Debug|Any CPU
		{DD106FB7-0E89-4EA2-82BD-C229502B05F9}.Debug|x64.ActiveCfg = Debug|Any CPU
		{DD106FB7-0E89-4EA2-82BD-C229502B05F9}.Debug|x64.Build.0 = Debug|Any CPU
		{DD106FB7-0E89-4EA2-82BD-C229502B05F9}.Debug|x86.ActiveCfg = Debug|Any CPU
		{DD106FB7-0E89-4EA2-82BD-C229502B05F9}.Debug|x86.Build.0 = Debug|Any CPU
		{DD106FB7-0E89-4EA2-82BD-C229502B05F9}.Release|Any CPU.ActiveCfg = Release|Any CPU
		{DD106FB7-0E89-4EA2-82BD-C229502B05F9}.Release|Any CPU.Build.0 = Release|Any CPU
		{DD106FB7-0E89-4EA2-82BD-C229502B05F9}.Release|x64.ActiveCfg = Release|Any CPU
		{DD106FB7-0E89-4EA2-82BD-C229502B05F9}.Release|x64.Build.0 = Release|Any CPU
		{DD106FB7-0E89-4EA2-82BD-C229502B05F9}.Release|x86.ActiveCfg = Release|Any CPU
		{DD106FB7-0E89-4EA2-82BD-C229502B05F9}.Release|x86.Build.0 = Release|Any CPU
		{9AD2C1D7-CB65-49FC-8278-513017460AEF}.Debug|Any CPU.ActiveCfg = Debug|Any CPU
		{9AD2C1D7-CB65-49FC-8278-513017460AEF}.Debug|Any CPU.Build.0 = Debug|Any CPU
		{9AD2C1D7-CB65-49FC-8278-513017460AEF}.Debug|x64.ActiveCfg = Debug|Any CPU
		{9AD2C1D7-CB65-49FC-8278-513017460AEF}.Debug|x64.Build.0 = Debug|Any CPU
		{9AD2C1D7-CB65-49FC-8278-513017460AEF}.Debug|x86.ActiveCfg = Debug|Any CPU
		{9AD2C1D7-CB65-49FC-8278-513017460AEF}.Debug|x86.Build.0 = Debug|Any CPU
		{9AD2C1D7-CB65-49FC-8278-513017460AEF}.Release|Any CPU.ActiveCfg = Release|Any CPU
		{9AD2C1D7-CB65-49FC-8278-513017460AEF}.Release|Any CPU.Build.0 = Release|Any CPU
		{9AD2C1D7-CB65-49FC-8278-513017460AEF}.Release|x64.ActiveCfg = Release|Any CPU
		{9AD2C1D7-CB65-49FC-8278-513017460AEF}.Release|x64.Build.0 = Release|Any CPU
		{9AD2C1D7-CB65-49FC-8278-513017460AEF}.Release|x86.ActiveCfg = Release|Any CPU
		{9AD2C1D7-CB65-49FC-8278-513017460AEF}.Release|x86.Build.0 = Release|Any CPU
		{0F1ABA32-5B2F-4929-91A5-0771350E7BDA}.Debug|Any CPU.ActiveCfg = Debug|Any CPU
		{0F1ABA32-5B2F-4929-91A5-0771350E7BDA}.Debug|Any CPU.Build.0 = Debug|Any CPU
		{0F1ABA32-5B2F-4929-91A5-0771350E7BDA}.Debug|x64.ActiveCfg = Debug|Any CPU
		{0F1ABA32-5B2F-4929-91A5-0771350E7BDA}.Debug|x64.Build.0 = Debug|Any CPU
		{0F1ABA32-5B2F-4929-91A5-0771350E7BDA}.Debug|x86.ActiveCfg = Debug|Any CPU
		{0F1ABA32-5B2F-4929-91A5-0771350E7BDA}.Debug|x86.Build.0 = Debug|Any CPU
		{0F1ABA32-5B2F-4929-91A5-0771350E7BDA}.Release|Any CPU.ActiveCfg = Release|Any CPU
		{0F1ABA32-5B2F-4929-91A5-0771350E7BDA}.Release|Any CPU.Build.0 = Release|Any CPU
		{0F1ABA32-5B2F-4929-91A5-0771350E7BDA}.Release|x64.ActiveCfg = Release|Any CPU
		{0F1ABA32-5B2F-4929-91A5-0771350E7BDA}.Release|x64.Build.0 = Release|Any CPU
		{0F1ABA32-5B2F-4929-91A5-0771350E7BDA}.Release|x86.ActiveCfg = Release|Any CPU
		{0F1ABA32-5B2F-4929-91A5-0771350E7BDA}.Release|x86.Build.0 = Release|Any CPU
		{C4601F42-6267-48FA-AF2D-486255255832}.Debug|Any CPU.ActiveCfg = Debug|Any CPU
		{C4601F42-6267-48FA-AF2D-486255255832}.Debug|Any CPU.Build.0 = Debug|Any CPU
		{C4601F42-6267-48FA-AF2D-486255255832}.Debug|x64.ActiveCfg = Debug|Any CPU
		{C4601F42-6267-48FA-AF2D-486255255832}.Debug|x64.Build.0 = Debug|Any CPU
		{C4601F42-6267-48FA-AF2D-486255255832}.Debug|x86.ActiveCfg = Debug|Any CPU
		{C4601F42-6267-48FA-AF2D-486255255832}.Debug|x86.Build.0 = Debug|Any CPU
		{C4601F42-6267-48FA-AF2D-486255255832}.Release|Any CPU.ActiveCfg = Release|Any CPU
		{C4601F42-6267-48FA-AF2D-486255255832}.Release|Any CPU.Build.0 = Release|Any CPU
		{C4601F42-6267-48FA-AF2D-486255255832}.Release|x64.ActiveCfg = Release|Any CPU
		{C4601F42-6267-48FA-AF2D-486255255832}.Release|x64.Build.0 = Release|Any CPU
		{C4601F42-6267-48FA-AF2D-486255255832}.Release|x86.ActiveCfg = Release|Any CPU
		{C4601F42-6267-48FA-AF2D-486255255832}.Release|x86.Build.0 = Release|Any CPU
		{12B89A1F-E6CA-D859-84D1-812DCDC491D3}.Debug|Any CPU.ActiveCfg = Debug|Any CPU
		{12B89A1F-E6CA-D859-84D1-812DCDC491D3}.Debug|Any CPU.Build.0 = Debug|Any CPU
		{12B89A1F-E6CA-D859-84D1-812DCDC491D3}.Debug|x64.ActiveCfg = Debug|Any CPU
		{12B89A1F-E6CA-D859-84D1-812DCDC491D3}.Debug|x64.Build.0 = Debug|Any CPU
		{12B89A1F-E6CA-D859-84D1-812DCDC491D3}.Debug|x86.ActiveCfg = Debug|Any CPU
		{12B89A1F-E6CA-D859-84D1-812DCDC491D3}.Debug|x86.Build.0 = Debug|Any CPU
		{12B89A1F-E6CA-D859-84D1-812DCDC491D3}.Release|Any CPU.ActiveCfg = Release|Any CPU
		{12B89A1F-E6CA-D859-84D1-812DCDC491D3}.Release|Any CPU.Build.0 = Release|Any CPU
		{12B89A1F-E6CA-D859-84D1-812DCDC491D3}.Release|x64.ActiveCfg = Release|Any CPU
		{12B89A1F-E6CA-D859-84D1-812DCDC491D3}.Release|x64.Build.0 = Release|Any CPU
		{12B89A1F-E6CA-D859-84D1-812DCDC491D3}.Release|x86.ActiveCfg = Release|Any CPU
		{12B89A1F-E6CA-D859-84D1-812DCDC491D3}.Release|x86.Build.0 = Release|Any CPU
		{30101173-43D6-1130-19DD-0FB941771DDB}.Debug|Any CPU.ActiveCfg = Debug|Any CPU
		{30101173-43D6-1130-19DD-0FB941771DDB}.Debug|Any CPU.Build.0 = Debug|Any CPU
		{30101173-43D6-1130-19DD-0FB941771DDB}.Debug|x64.ActiveCfg = Debug|Any CPU
		{30101173-43D6-1130-19DD-0FB941771DDB}.Debug|x64.Build.0 = Debug|Any CPU
		{30101173-43D6-1130-19DD-0FB941771DDB}.Debug|x86.ActiveCfg = Debug|Any CPU
		{30101173-43D6-1130-19DD-0FB941771DDB}.Debug|x86.Build.0 = Debug|Any CPU
		{30101173-43D6-1130-19DD-0FB941771DDB}.Release|Any CPU.ActiveCfg = Release|Any CPU
		{30101173-43D6-1130-19DD-0FB941771DDB}.Release|Any CPU.Build.0 = Release|Any CPU
		{30101173-43D6-1130-19DD-0FB941771DDB}.Release|x64.ActiveCfg = Release|Any CPU
		{30101173-43D6-1130-19DD-0FB941771DDB}.Release|x64.Build.0 = Release|Any CPU
		{30101173-43D6-1130-19DD-0FB941771DDB}.Release|x86.ActiveCfg = Release|Any CPU
		{30101173-43D6-1130-19DD-0FB941771DDB}.Release|x86.Build.0 = Release|Any CPU
		{C06E8673-133F-4752-AABC-E7DF0FDA740E}.Debug|Any CPU.ActiveCfg = Debug|Any CPU
		{C06E8673-133F-4752-AABC-E7DF0FDA740E}.Debug|Any CPU.Build.0 = Debug|Any CPU
		{C06E8673-133F-4752-AABC-E7DF0FDA740E}.Debug|x64.ActiveCfg = Debug|Any CPU
		{C06E8673-133F-4752-AABC-E7DF0FDA740E}.Debug|x64.Build.0 = Debug|Any CPU
		{C06E8673-133F-4752-AABC-E7DF0FDA740E}.Debug|x86.ActiveCfg = Debug|Any CPU
		{C06E8673-133F-4752-AABC-E7DF0FDA740E}.Debug|x86.Build.0 = Debug|Any CPU
		{C06E8673-133F-4752-AABC-E7DF0FDA740E}.Release|Any CPU.ActiveCfg = Release|Any CPU
		{C06E8673-133F-4752-AABC-E7DF0FDA740E}.Release|Any CPU.Build.0 = Release|Any CPU
		{C06E8673-133F-4752-AABC-E7DF0FDA740E}.Release|x64.ActiveCfg = Release|Any CPU
		{C06E8673-133F-4752-AABC-E7DF0FDA740E}.Release|x64.Build.0 = Release|Any CPU
		{C06E8673-133F-4752-AABC-E7DF0FDA740E}.Release|x86.ActiveCfg = Release|Any CPU
		{C06E8673-133F-4752-AABC-E7DF0FDA740E}.Release|x86.Build.0 = Release|Any CPU
		{F35FC8AA-DF7F-4ED2-AA3F-646F72AD8B66}.Debug|Any CPU.ActiveCfg = Debug|Any CPU
		{F35FC8AA-DF7F-4ED2-AA3F-646F72AD8B66}.Debug|Any CPU.Build.0 = Debug|Any CPU
		{F35FC8AA-DF7F-4ED2-AA3F-646F72AD8B66}.Debug|x64.ActiveCfg = Debug|Any CPU
		{F35FC8AA-DF7F-4ED2-AA3F-646F72AD8B66}.Debug|x64.Build.0 = Debug|Any CPU
		{F35FC8AA-DF7F-4ED2-AA3F-646F72AD8B66}.Debug|x86.ActiveCfg = Debug|Any CPU
		{F35FC8AA-DF7F-4ED2-AA3F-646F72AD8B66}.Debug|x86.Build.0 = Debug|Any CPU
		{F35FC8AA-DF7F-4ED2-AA3F-646F72AD8B66}.Release|Any CPU.ActiveCfg = Release|Any CPU
		{F35FC8AA-DF7F-4ED2-AA3F-646F72AD8B66}.Release|Any CPU.Build.0 = Release|Any CPU
		{F35FC8AA-DF7F-4ED2-AA3F-646F72AD8B66}.Release|x64.ActiveCfg = Release|Any CPU
		{F35FC8AA-DF7F-4ED2-AA3F-646F72AD8B66}.Release|x64.Build.0 = Release|Any CPU
		{F35FC8AA-DF7F-4ED2-AA3F-646F72AD8B66}.Release|x86.ActiveCfg = Release|Any CPU
		{F35FC8AA-DF7F-4ED2-AA3F-646F72AD8B66}.Release|x86.Build.0 = Release|Any CPU
		{75A540C8-FE6B-4E6A-9D00-1E6D61E11852}.Debug|Any CPU.ActiveCfg = Debug|Any CPU
		{75A540C8-FE6B-4E6A-9D00-1E6D61E11852}.Debug|Any CPU.Build.0 = Debug|Any CPU
		{75A540C8-FE6B-4E6A-9D00-1E6D61E11852}.Debug|x64.ActiveCfg = Debug|Any CPU
		{75A540C8-FE6B-4E6A-9D00-1E6D61E11852}.Debug|x64.Build.0 = Debug|Any CPU
		{75A540C8-FE6B-4E6A-9D00-1E6D61E11852}.Debug|x86.ActiveCfg = Debug|Any CPU
		{75A540C8-FE6B-4E6A-9D00-1E6D61E11852}.Debug|x86.Build.0 = Debug|Any CPU
		{75A540C8-FE6B-4E6A-9D00-1E6D61E11852}.Release|Any CPU.ActiveCfg = Release|Any CPU
		{75A540C8-FE6B-4E6A-9D00-1E6D61E11852}.Release|Any CPU.Build.0 = Release|Any CPU
		{75A540C8-FE6B-4E6A-9D00-1E6D61E11852}.Release|x64.ActiveCfg = Release|Any CPU
		{75A540C8-FE6B-4E6A-9D00-1E6D61E11852}.Release|x64.Build.0 = Release|Any CPU
		{75A540C8-FE6B-4E6A-9D00-1E6D61E11852}.Release|x86.ActiveCfg = Release|Any CPU
		{75A540C8-FE6B-4E6A-9D00-1E6D61E11852}.Release|x86.Build.0 = Release|Any CPU
	EndGlobalSection
	GlobalSection(SolutionProperties) = preSolution
		HideSolutionNode = FALSE
	EndGlobalSection
	GlobalSection(NestedProjects) = preSolution
		{03A373E1-0285-4968-98E0-92B1E2549F5B} = {827E0CD3-B72D-47B6-A68D-7590B98EB39B}
		{7030693A-6C7A-4052-9BDA-1ED0C7436D1B} = {89897C3D-6B51-45D6-BBA0-7ED134D234AC}
		{7395D060-DA5A-47B2-ACB9-805065F89784} = {827E0CD3-B72D-47B6-A68D-7590B98EB39B}
		{C20F52C9-13DC-4B55-BF19-4AC4F1976AAB} = {827E0CD3-B72D-47B6-A68D-7590B98EB39B}
		{618B8681-2707-43C1-BF64-A8273AD898D5} = {213EE38A-C4F9-47E0-91C7-2DB5277D55D2}
		{F196FB11-857E-4536-BF1D-EA4B9AD7A10D} = {827E0CD3-B72D-47B6-A68D-7590B98EB39B}
		{43D8ECE1-2508-4DAD-9CFE-F35250DF6C91} = {213EE38A-C4F9-47E0-91C7-2DB5277D55D2}
		{D4BB5574-8BFF-4E91-A2E8-6AD667EB6F01} = {827E0CD3-B72D-47B6-A68D-7590B98EB39B}
		{076422FB-7E71-4E8D-A03B-D4FB5518C0F7} = {827E0CD3-B72D-47B6-A68D-7590B98EB39B}
		{9BBF1652-24D3-4F10-9C16-CAAD9DF5524B} = {827E0CD3-B72D-47B6-A68D-7590B98EB39B}
		{295CDA80-3C24-42CD-9690-A93C96741C82} = {E44D5ED9-DCDE-4498-B31B-0C257BA61601}
		{885FB860-9891-487C-8604-6A5A38546D28} = {213EE38A-C4F9-47E0-91C7-2DB5277D55D2}
		{AC8AE2A5-DF17-414C-A9E4-9238C2ED55A5} = {213EE38A-C4F9-47E0-91C7-2DB5277D55D2}
		{22B04696-27B1-4CA6-AC94-09B82623D1FF} = {213EE38A-C4F9-47E0-91C7-2DB5277D55D2}
		{E8653F80-B4F8-46FF-9530-07AFF6FE6F94} = {760AB15A-8938-8D9B-BEDE-5CE1484B84C3}
		{DD106FB7-0E89-4EA2-82BD-C229502B05F9} = {E44D5ED9-DCDE-4498-B31B-0C257BA61601}
		{9AD2C1D7-CB65-49FC-8278-513017460AEF} = {04B993AE-520C-4C1E-816E-444512EAECD6}
		{0F1ABA32-5B2F-4929-91A5-0771350E7BDA} = {21977C0F-FC33-40E5-952D-1B4325486906}
		{C4601F42-6267-48FA-AF2D-486255255832} = {437D4EBD-5DCA-41D5-AFAB-6A26FBE47508}
		{213EE38A-C4F9-47E0-91C7-2DB5277D55D2} = {0AB3BF05-4346-4AA6-1389-037BE0695223}
		{89897C3D-6B51-45D6-BBA0-7ED134D234AC} = {0AB3BF05-4346-4AA6-1389-037BE0695223}
		{21977C0F-FC33-40E5-952D-1B4325486906} = {0AB3BF05-4346-4AA6-1389-037BE0695223}
		{437D4EBD-5DCA-41D5-AFAB-6A26FBE47508} = {0AB3BF05-4346-4AA6-1389-037BE0695223}
		{04B993AE-520C-4C1E-816E-444512EAECD6} = {0AB3BF05-4346-4AA6-1389-037BE0695223}
		{E44D5ED9-DCDE-4498-B31B-0C257BA61601} = {0AB3BF05-4346-4AA6-1389-037BE0695223}
		{12B89A1F-E6CA-D859-84D1-812DCDC491D3} = {F49B3277-B3A2-4045-99DF-B57A43DE0402}
		{30101173-43D6-1130-19DD-0FB941771DDB} = {F49B3277-B3A2-4045-99DF-B57A43DE0402}
		{C06E8673-133F-4752-AABC-E7DF0FDA740E} = {827E0CD3-B72D-47B6-A68D-7590B98EB39B}
		{F35FC8AA-DF7F-4ED2-AA3F-646F72AD8B66} = {827E0CD3-B72D-47B6-A68D-7590B98EB39B}
		{75A540C8-FE6B-4E6A-9D00-1E6D61E11852} = {213EE38A-C4F9-47E0-91C7-2DB5277D55D2}
	EndGlobalSection
	GlobalSection(ExtensibilityGlobals) = postSolution
		SolutionGuid = {BC20F393-40EF-4FC0-8F75-57763D1C9F05}
	EndGlobalSection
EndGlobal
